
Microsoft Visual Studio Solution File, Format Version 12.00
# Visual Studio Version 17
VisualStudioVersion = 17.8.34330.188
MinimumVisualStudioVersion = 10.0.40219.1
Project("{6EC3EE1D-3C4E-46DD-8F32-0CC8E7565705}") = "TextClassification", "TextClassification.fsproj", "{81A6DDB8-F2E1-439D-926F-B87279594482}"
EndProject
Project("{2150E333-8FDC-42A3-9474-1A3956D46DE8}") = "Solution Items", "Solution Items", "{FB66D56F-77A5-4A40-864E-0043AA24EC56}"
EndProject
Global
	GlobalSection(SolutionConfigurationPlatforms) = preSolution
		Debug|Any CPU = Debug|Any CPU
		Release|Any CPU = Release|Any CPU
	EndGlobalSection
	GlobalSection(ProjectConfigurationPlatforms) = postSolution
		{81A6DDB8-F2E1-439D-926F-B87279594482}.Debug|Any CPU.ActiveCfg = Debug|Any CPU
		{81A6DDB8-F2E1-439D-926F-B87279594482}.Debug|Any CPU.Build.0 = Debug|Any CPU
		{81A6DDB8-F2E1-439D-926F-B87279594482}.Release|Any CPU.ActiveCfg = Release|Any CPU
		{81A6DDB8-F2E1-439D-926F-B87279594482}.Release|Any CPU.Build.0 = Release|Any CPU
	EndGlobalSection
	GlobalSection(SolutionProperties) = preSolution
		HideSolutionNode = FALSE
	EndGlobalSection
	GlobalSection(ExtensibilityGlobals) = postSolution
		SolutionGuid = {9C92E599-BAFE-4470-9FC7-E27D338E505B}
	EndGlobalSection
EndGlobal
